# THIS IS AN AUTOGENERATED FILE. DO NOT EDIT THIS FILE DIRECTLY.
# yarn lockfile v1


"@antfu/utils@^0.4.0":
  version "0.4.0"
  resolved "https://registry.yarnpkg.com/@antfu/utils/-/utils-0.4.0.tgz#df100ed9922d7359bf6c99083765b5207086b9a7"
  integrity sha512-gqkpvjkgFUu+s3kP+Ly33OKpo5zvVY3FDFhv5BIb98SncS3KD6DNxPfNDjwHIoyXbz1leWo1j8DtRLZ1D2Jv+Q==
  dependencies:
    "@types/throttle-debounce" "^2.1.0"

"@babel/parser@^7.16.4":
  version "7.16.12"
  resolved "https://registry.yarnpkg.com/@babel/parser/-/parser-7.16.12.tgz#9474794f9a650cf5e2f892444227f98e28cdf8b6"
  integrity sha512-VfaV15po8RiZssrkPweyvbGVSe4x2y+aciFCgn0n0/SJMR22cwofRV1mtnJQYcSB1wUTaA/X1LnA3es66MCO5A==

"@babel/runtime@^7.15.4":
  version "7.16.7"
  resolved "https://registry.yarnpkg.com/@babel/runtime/-/runtime-7.16.7.tgz#03ff99f64106588c9c403c6ecb8c3bafbbdff1fa"
  integrity sha512-9E9FJowqAsytyOY6LG+1KuueckRL+aQW+mKvXRXnuFGyRAyepJPmEo9vgMfXUA6O9u3IeEdv9MAkppFcaQwogQ==
  dependencies:
    regenerator-runtime "^0.13.4"

"@chenfengyuan/vue-carousel@^2.0.0-beta":
  version "2.0.0-beta"
  resolved "https://registry.yarnpkg.com/@chenfengyuan/vue-carousel/-/vue-carousel-2.0.0-beta.tgz#4724629955f7d472fcbfab562deead61240191b1"
  integrity sha512-8JO75kpoLdUjQLP2W9dfF4uGkgyvKbJscSig5udIqmKyStdVd7S36fn/mINg9zaJONfySOfqtfxhOa6Q6vAmlA==

"@fortawesome/fontawesome-common-types@^0.2.36":
  version "0.2.36"
  resolved "https://registry.yarnpkg.com/@fortawesome/fontawesome-common-types/-/fontawesome-common-types-0.2.36.tgz#b44e52db3b6b20523e0c57ef8c42d315532cb903"
  integrity sha512-a/7BiSgobHAgBWeN7N0w+lAhInrGxksn13uK7231n2m8EDPE3BMCl9NZLTGrj9ZXfCmC6LM0QLqXidIizVQ6yg==

"@fortawesome/fontawesome-svg-core@^1.2.35":
  version "1.2.36"
  resolved "https://registry.yarnpkg.com/@fortawesome/fontawesome-svg-core/-/fontawesome-svg-core-1.2.36.tgz#4f2ea6f778298e0c47c6524ce2e7fd58eb6930e3"
  integrity sha512-YUcsLQKYb6DmaJjIHdDWpBIGCcyE/W+p/LMGvjQem55Mm2XWVAP5kWTMKWLv9lwpCVjpLxPyOMOyUocP1GxrtA==
  dependencies:
    "@fortawesome/fontawesome-common-types" "^0.2.36"

"@fortawesome/free-solid-svg-icons@^5.15.3":
  version "5.15.4"
  resolved "https://registry.yarnpkg.com/@fortawesome/free-solid-svg-icons/-/free-solid-svg-icons-5.15.4.tgz#2a68f3fc3ddda12e52645654142b9e4e8fbb6cc5"
  integrity sha512-JLmQfz6tdtwxoihXLg6lT78BorrFyCf59SAwBM6qV/0zXyVeDygJVb3fk+j5Qat+Yvcxp1buLTY5iDh1ZSAQ8w==
  dependencies:
    "@fortawesome/fontawesome-common-types" "^0.2.36"

"@fortawesome/vue-fontawesome@^3.0.0-3":
  version "3.0.0-5"
  resolved "https://registry.yarnpkg.com/@fortawesome/vue-fontawesome/-/vue-fontawesome-3.0.0-5.tgz#6251e6917198362fa56510eb256cfb6aa6d30a32"
  integrity sha512-aNmBT4bOecrFsZTog1l6AJDQHPP3ocXV+WQ3Ogy8WZCqstB/ahfhH4CPu5i4N9Hw0MBKXqE+LX+NbUxcj8cVTw==

"@headlessui/vue@^1.4.3":
  version "1.4.3"
  resolved "https://registry.yarnpkg.com/@headlessui/vue/-/vue-1.4.3.tgz#685898891cde4d8a38a01945d4d84855d5fe7224"
  integrity sha512-cDAd3aP7jH5bO2WO4eSkyQQg0k6Zw8gobl+zL8LGApqix28EtlxultyKH/mVKnbo8Kiq6IDRzwP1HfKOf1QZbQ==

"@nodelib/fs.scandir@2.1.5":
  version "2.1.5"
  resolved "https://registry.yarnpkg.com/@nodelib/fs.scandir/-/fs.scandir-2.1.5.tgz#7619c2eb21b25483f6d167548b4cfd5a7488c3d5"
  integrity sha512-vq24Bq3ym5HEQm2NKCr3yXDwjc7vTsEThRDnkp2DK9p1uqLR+DHurm/NOTo0KG7HYHU7eppKZj3MyqYuMBf62g==
  dependencies:
    "@nodelib/fs.stat" "2.0.5"
    run-parallel "^1.1.9"

"@nodelib/fs.stat@2.0.5", "@nodelib/fs.stat@^2.0.2":
  version "2.0.5"
  resolved "https://registry.yarnpkg.com/@nodelib/fs.stat/-/fs.stat-2.0.5.tgz#5bd262af94e9d25bd1e71b05deed44876a222e8b"
  integrity sha512-RkhPPp2zrqDAQA/2jNhnztcPAlv64XdhIp7a7454A5ovI7Bukxgt7MX7udwAu3zg1DcpPU0rz3VV1SeaqvY4+A==

"@nodelib/fs.walk@^1.2.3":
  version "1.2.8"
  resolved "https://registry.yarnpkg.com/@nodelib/fs.walk/-/fs.walk-1.2.8.tgz#e95737e8bb6746ddedf69c556953494f196fe69a"
  integrity sha512-oGB+UxlgWcgQkgwo8GcEGwemoTFt3FIO9ababBmaGwXIoBKZ+GTy0pP185beGg7Llih/NSHSV2XAs1lnznocSg==
  dependencies:
    "@nodelib/fs.scandir" "2.1.5"
    fastq "^1.6.0"

"@rollup/pluginutils@^4.1.2":
  version "4.1.2"
  resolved "https://registry.yarnpkg.com/@rollup/pluginutils/-/pluginutils-4.1.2.tgz#ed5821c15e5e05e32816f5fb9ec607cdf5a75751"
  integrity sha512-ROn4qvkxP9SyPeHaf7uQC/GPFY6L/OWy9+bd9AwcjOAWQwxRscoEyAUD8qCY5o5iL4jqQwoLk2kaTKJPb/HwzQ==
  dependencies:
    estree-walker "^2.0.1"
    picomatch "^2.2.2"

"@types/lodash@^4.14.175":
  version "4.14.178"
  resolved "https://registry.yarnpkg.com/@types/lodash/-/lodash-4.14.178.tgz#341f6d2247db528d4a13ddbb374bcdc80406f4f8"
  integrity sha512-0d5Wd09ItQWH1qFbEyQ7oTQ3GZrMfth5JkbN3EvTKLXcHLRDSXeLnlvlOn0wvxVIwK5o2M8JzP/OWz7T3NRsbw==

"@types/throttle-debounce@^2.1.0":
  version "2.1.0"
  resolved "https://registry.yarnpkg.com/@types/throttle-debounce/-/throttle-debounce-2.1.0.tgz#1c3df624bfc4b62f992d3012b84c56d41eab3776"
  integrity sha512-5eQEtSCoESnh2FsiLTxE121IiE60hnMqcb435fShf4bpLRjEu1Eoekht23y6zXS9Ts3l+Szu3TARnTsA0GkOkQ==

"@vitejs/plugin-vue@^2.1.0":
  version "2.1.0"
  resolved "https://registry.yarnpkg.com/@vitejs/plugin-vue/-/plugin-vue-2.1.0.tgz#ddf5e0059f84f2ff649afc25ce5a59211e670542"
  integrity sha512-AZ78WxvFMYd8JmM/GBV6a6SGGTU0GgN/0/4T+FnMMsLzFEzTeAUwuraapy50ifHZsC+G5SvWs86bvaCPTneFlA==

"@vue/compiler-core@3.2.29":
  version "3.2.29"
  resolved "https://registry.yarnpkg.com/@vue/compiler-core/-/compiler-core-3.2.29.tgz#b06097ab8ff0493177c68c5ea5b63d379a061097"
  integrity sha512-RePZ/J4Ub3sb7atQw6V6Rez+/5LCRHGFlSetT3N4VMrejqJnNPXKUt5AVm/9F5MJriy2w/VudEIvgscCfCWqxw==
  dependencies:
    "@babel/parser" "^7.16.4"
    "@vue/shared" "3.2.29"
    estree-walker "^2.0.2"
    source-map "^0.6.1"

"@vue/compiler-dom@3.2.29":
  version "3.2.29"
  resolved "https://registry.yarnpkg.com/@vue/compiler-dom/-/compiler-dom-3.2.29.tgz#ad0ead405bd2f2754161335aad9758aa12430715"
  integrity sha512-y26vK5khdNS9L3ckvkqJk/78qXwWb75Ci8iYLb67AkJuIgyKhIOcR1E8RIt4mswlVCIeI9gQ+fmtdhaiTAtrBQ==
  dependencies:
    "@vue/compiler-core" "3.2.29"
    "@vue/shared" "3.2.29"

"@vue/compiler-sfc@3.2.29", "@vue/compiler-sfc@^3.2.29":
  version "3.2.29"
  resolved "https://registry.yarnpkg.com/@vue/compiler-sfc/-/compiler-sfc-3.2.29.tgz#f76d556cd5fca6a55a3ea84c88db1a2a53a36ead"
  integrity sha512-X9+0dwsag2u6hSOP/XsMYqFti/edvYvxamgBgCcbSYuXx1xLZN+dS/GvQKM4AgGS4djqo0jQvWfIXdfZ2ET68g==
  dependencies:
    "@babel/parser" "^7.16.4"
    "@vue/compiler-core" "3.2.29"
    "@vue/compiler-dom" "3.2.29"
    "@vue/compiler-ssr" "3.2.29"
    "@vue/reactivity-transform" "3.2.29"
    "@vue/shared" "3.2.29"
    estree-walker "^2.0.2"
    magic-string "^0.25.7"
    postcss "^8.1.10"
    source-map "^0.6.1"

"@vue/compiler-ssr@3.2.29":
  version "3.2.29"
  resolved "https://registry.yarnpkg.com/@vue/compiler-ssr/-/compiler-ssr-3.2.29.tgz#37b15b32dcd2f6b410bb61fca3f37b1a92b7eb1e"
  integrity sha512-LrvQwXlx66uWsB9/VydaaqEpae9xtmlUkeSKF6aPDbzx8M1h7ukxaPjNCAXuFd3fUHblcri8k42lfimHfzMICA==
  dependencies:
    "@vue/compiler-dom" "3.2.29"
    "@vue/shared" "3.2.29"

"@vue/devtools-api@^6.0.0-beta.11", "@vue/devtools-api@^6.0.0-beta.15", "@vue/devtools-api@^6.0.0-beta.18":
  version "6.0.0-beta.21.1"
  resolved "https://registry.yarnpkg.com/@vue/devtools-api/-/devtools-api-6.0.0-beta.21.1.tgz#f1410f53c42aa67fa3b01ca7bdba891f69d7bc97"
  integrity sha512-FqC4s3pm35qGVeXRGOjTsRzlkJjrBLriDS9YXbflHLsfA9FrcKzIyWnLXoNm+/7930E8rRakXuAc2QkC50swAw==

"@vue/reactivity-transform@3.2.29":
  version "3.2.29"
  resolved "https://registry.yarnpkg.com/@vue/reactivity-transform/-/reactivity-transform-3.2.29.tgz#a08d606e10016b7cf588d1a43dae4db2953f9354"
  integrity sha512-YF6HdOuhdOw6KyRm59+3rML8USb9o8mYM1q+SH0G41K3/q/G7uhPnHGKvspzceD7h9J3VR1waOQ93CUZj7J7OA==
  dependencies:
    "@babel/parser" "^7.16.4"
    "@vue/compiler-core" "3.2.29"
    "@vue/shared" "3.2.29"
    estree-walker "^2.0.2"
    magic-string "^0.25.7"

"@vue/reactivity@3.2.29":
  version "3.2.29"
  resolved "https://registry.yarnpkg.com/@vue/reactivity/-/reactivity-3.2.29.tgz#afdc9c111d4139b14600be17ad80267212af6052"
  integrity sha512-Ryhb6Gy62YolKXH1gv42pEqwx7zs3n8gacRVZICSgjQz8Qr8QeCcFygBKYfJm3o1SccR7U+bVBQDWZGOyG1k4g==
  dependencies:
    "@vue/shared" "3.2.29"

"@vue/runtime-core@3.2.29":
  version "3.2.29"
  resolved "https://registry.yarnpkg.com/@vue/runtime-core/-/runtime-core-3.2.29.tgz#fb8577b2fcf52e8d967bd91cdf49ab9fb91f9417"
  integrity sha512-VMvQuLdzoTGmCwIKTKVwKmIL0qcODIqe74JtK1pVr5lnaE0l25hopodmPag3RcnIcIXe+Ye3B2olRCn7fTCgig==
  dependencies:
    "@vue/reactivity" "3.2.29"
    "@vue/shared" "3.2.29"

"@vue/runtime-dom@3.2.29":
  version "3.2.29"
  resolved "https://registry.yarnpkg.com/@vue/runtime-dom/-/runtime-dom-3.2.29.tgz#35e9a2bf04ef80b86ac2ca0e7b2ceaccf1e18f01"
  integrity sha512-YJgLQLwr+SQyORzTsBQLL5TT/5UiV83tEotqjL7F9aFDIQdFBTCwpkCFvX9jqwHoyi9sJqM9XtTrMcc8z/OjPA==
  dependencies:
    "@vue/runtime-core" "3.2.29"
    "@vue/shared" "3.2.29"
    csstype "^2.6.8"

"@vue/server-renderer@3.2.29":
  version "3.2.29"
  resolved "https://registry.yarnpkg.com/@vue/server-renderer/-/server-renderer-3.2.29.tgz#ea6afa361b9c781a868c8da18c761f9b7bc89102"
  integrity sha512-lpiYx7ciV7rWfJ0tPkoSOlLmwqBZ9FTmQm33S+T4g0j1fO/LmhJ9b9Ctl1o5xvIFVDk9QkSUWANZn7H2pXuxVw==
  dependencies:
    "@vue/compiler-ssr" "3.2.29"
    "@vue/shared" "3.2.29"

"@vue/shared@3.2.29":
  version "3.2.29"
  resolved "https://registry.yarnpkg.com/@vue/shared/-/shared-3.2.29.tgz#07dac7051117236431d2f737d16932aa38bbb925"
  integrity sha512-BjNpU8OK6Z0LVzGUppEk0CMYm/hKDnZfYdjSmPOs0N+TR1cLKJAkDwW8ASZUvaaSLEi6d3hVM7jnWnX+6yWnHw==

anymatch@~3.1.2:
  version "3.1.2"
  resolved "https://registry.yarnpkg.com/anymatch/-/anymatch-3.1.2.tgz#c0557c096af32f106198f4f4e2a383537e378716"
  integrity sha512-P43ePfOAIupkguHUycrc4qJ9kz8ZiuOUijaETwX7THt0Y/GNK7v0aa8rY816xWjZ7rJdA5XdMcpVFTKMq+RvWg==
  dependencies:
    normalize-path "^3.0.0"
    picomatch "^2.0.4"

argparse@^2.0.1:
  version "2.0.1"
  resolved "https://registry.yarnpkg.com/argparse/-/argparse-2.0.1.tgz#246f50f3ca78a3240f6c997e8a9bd1eac49e4b38"
  integrity sha512-8+9WqebbFzpX9OR+Wa6O29asIogeRMzcGtAINdpMHHyAg10f05aSFVBbcEqGf/PXw1EjAZ+q2/bEBg3DvurK3Q==

axios@^0.21.1:
  version "0.21.4"
  resolved "https://registry.yarnpkg.com/axios/-/axios-0.21.4.tgz#c67b90dc0568e5c1cf2b0b858c43ba28e2eda575"
  integrity sha512-ut5vewkiu8jjGBdqpM44XxjuCjq9LAKeHVmoVfHVzy8eHgxxq8SbAVQNovDA8mVi05kP0Ea/n/UzcSHcTJQfNg==
  dependencies:
    follow-redirects "^1.14.0"

babel-runtime@^6.11.6:
  version "6.26.0"
  resolved "https://registry.yarnpkg.com/babel-runtime/-/babel-runtime-6.26.0.tgz#965c7058668e82b55d7bfe04ff2337bc8b5647fe"
  integrity sha1-llxwWGaOgrVde/4E/yM3vItWR/4=
  dependencies:
    core-js "^2.4.0"
    regenerator-runtime "^0.11.0"

balanced-match@^1.0.0:
  version "1.0.2"
  resolved "https://registry.yarnpkg.com/balanced-match/-/balanced-match-1.0.2.tgz#e83e3a7e3f300b34cb9d87f615fa0cbf357690ee"
  integrity sha512-3oSeUO0TMV67hN1AmbXsK4yaqU7tjiHlbxRDZOpH0KW9+CeX4bRAaX0Anxt0tx2MrpRpWwQaPwIlISEJhYU5Pw==

binary-extensions@^2.0.0:
  version "2.2.0"
  resolved "https://registry.yarnpkg.com/binary-extensions/-/binary-extensions-2.2.0.tgz#75f502eeaf9ffde42fc98829645be4ea76bd9e2d"
  integrity sha512-jDctJ/IVQbZoJykoeHbhXpOlNBqGNcwXJKJog42E5HDPUwQTSdjCHdihjj0DlnheQ7blbT6dHOafNAiS8ooQKA==

brace-expansion@^1.1.7:
  version "1.1.11"
  resolved "https://registry.yarnpkg.com/brace-expansion/-/brace-expansion-1.1.11.tgz#3c7fcbf529d87226f3d2f52b966ff5271eb441dd"
  integrity sha512-iCuPHDFgrHX7H2vEI/5xpz07zSHB00TpugqhmYtVmMO6518mCuRMoOYFldEBl0g187ufozdaHgWKcYFb61qGiA==
  dependencies:
    balanced-match "^1.0.0"
    concat-map "0.0.1"

braces@^3.0.1, braces@~3.0.2:
  version "3.0.2"
  resolved "https://registry.yarnpkg.com/braces/-/braces-3.0.2.tgz#3454e1a462ee8d599e236df336cd9ea4f8afe107"
  integrity sha512-b8um+L1RzM3WDSzvhm6gIz1yfTbBt6YTlcEKAvsmqCZZFw46z626lVj9j1yEPW33H5H+lBQpZMP1k8l+78Ha0A==
  dependencies:
    fill-range "^7.0.1"

"chokidar@>=3.0.0 <4.0.0", chokidar@^3.5.2:
  version "3.5.3"
  resolved "https://registry.yarnpkg.com/chokidar/-/chokidar-3.5.3.tgz#1cf37c8707b932bd1af1ae22c0432e2acd1903bd"
  integrity sha512-Dr3sfKRP6oTcjf2JmUmFJfeVMvXBdegxB0iVQ5eb2V10uFJUCAS8OByZdVAyVb8xXNz3GjjTgj9kLWsZTqE6kw==
  dependencies:
    anymatch "~3.1.2"
    braces "~3.0.2"
    glob-parent "~5.1.2"
    is-binary-path "~2.1.0"
    is-glob "~4.0.1"
    normalize-path "~3.0.0"
    readdirp "~3.6.0"
  optionalDependencies:
    fsevents "~2.3.2"

concat-map@0.0.1:
  version "0.0.1"
  resolved "https://registry.yarnpkg.com/concat-map/-/concat-map-0.0.1.tgz#d8a96bd77fd68df7793a73036a3ba0d5405d477b"
  integrity sha1-2Klr13/Wjfd5OnMDajug1UBdR3s=

core-js@^2.4.0:
  version "2.6.12"
  resolved "https://registry.yarnpkg.com/core-js/-/core-js-2.6.12.tgz#d9333dfa7b065e347cc5682219d6f690859cc2ec"
  integrity sha512-Kb2wC0fvsWfQrgk8HU5lW6U/Lcs8+9aaYcy4ZFc6DDlo4nZ7n70dEgE5rtR0oG6ufKDUnrwfWL1mXR5ljDatrQ==

csstype@^2.6.8:
  version "2.6.19"
  resolved "https://registry.yarnpkg.com/csstype/-/csstype-2.6.19.tgz#feeb5aae89020bb389e1f63669a5ed490e391caa"
  integrity sha512-ZVxXaNy28/k3kJg0Fou5MiYpp88j7H9hLZp8PDC3jV0WFjfH5E9xHb56L0W59cPbKbcHXeP4qyT8PrHp8t6LcQ==

dateformat@^5.0.2:
  version "5.0.2"
  resolved "https://registry.yarnpkg.com/dateformat/-/dateformat-5.0.2.tgz#0f275609b02e3306ff76d6a2067a6ebb98e6114b"
  integrity sha512-h9vywpuz+ReixnJTwFx5JLtZpS8eLCbRm8shwwKkCKOZA547N6yoMtD3W91Z6+NFZ8wOaZlcaCcK/w+kELhSVg==

debug@^4.3.3:
  version "4.3.3"
  resolved "https://registry.yarnpkg.com/debug/-/debug-4.3.3.tgz#04266e0b70a98d4462e6e288e38259213332b664"
  integrity sha512-/zxw5+vh1Tfv+4Qn7a5nsbcJKPaSvCDhojn6FEl9vupwK2VCSDtEiEtqr8DFtzYFOdz63LBkxec7DYuc2jon6Q==
  dependencies:
    ms "2.1.2"

entities@~2.1.0:
  version "2.1.0"
  resolved "https://registry.yarnpkg.com/entities/-/entities-2.1.0.tgz#992d3129cf7df6870b96c57858c249a120f8b8b5"
  integrity sha512-hCx1oky9PFrJ611mf0ifBLBRW8lUUVRlFolb5gWRfIELabBlbp9xZvrqZLZAs+NxFnbfQoeGd8wDkygjg7U85w==

esbuild-android-arm64@0.14.3:
  version "0.14.3"
  resolved "https://registry.yarnpkg.com/esbuild-android-arm64/-/esbuild-android-arm64-0.14.3.tgz#f0fc0a892dd6f2f42baf68f9ac24c9bfcfdaba20"
  integrity sha512-v/vdnGJiSGWOAXzg422T9qb4S+P3tOaYtc5n3FDR27Bh3/xQDS7PdYz/yY7HhOlVp0eGwWNbPHEi8FcEhXjsuw==

esbuild-darwin-64@0.14.3:
  version "0.14.3"
  resolved "https://registry.yarnpkg.com/esbuild-darwin-64/-/esbuild-darwin-64-0.14.3.tgz#074268b97df08dc2ea60ddd3c29b05fd93ff63d3"
  integrity sha512-swY5OtEg6cfWdgc/XEjkBP7wXSyXXeZHEsWMdh1bDiN1D6GmRphk9SgKFKTj+P3ZHhOGIcC1+UdIwHk5bUcOig==

esbuild-darwin-arm64@0.14.3:
  version "0.14.3"
  resolved "https://registry.yarnpkg.com/esbuild-darwin-arm64/-/esbuild-darwin-arm64-0.14.3.tgz#72a62c7e5c58a2321f0bb839f1368878d4a5a814"
  integrity sha512-6i9dXPk8oT87wF6VHmwzSad76eMRU2Rt+GXrwF3Y4DCJgnPssJbabNQ9gurkuEX8M0YnEyJF0d1cR7rpTzcEiA==

esbuild-freebsd-64@0.14.3:
  version "0.14.3"
  resolved "https://registry.yarnpkg.com/esbuild-freebsd-64/-/esbuild-freebsd-64-0.14.3.tgz#63f507254f41ccbab97bb6dce655e7dbc127f351"
  integrity sha512-WDY5ENsmyceeE+95U3eI+FM8yARY5akWkf21M/x/+v2P5OVsYqCYELglSeAI5Y7bhteCVV3g4i2fRqtkmprdSA==

esbuild-freebsd-arm64@0.14.3:
  version "0.14.3"
  resolved "https://registry.yarnpkg.com/esbuild-freebsd-arm64/-/esbuild-freebsd-arm64-0.14.3.tgz#6520f6c8339df943633586d0d597ac2ee1f1958d"
  integrity sha512-4BEEGcP0wBzg04pCCWXlgaPuksQHHfwHvYgCIsi+7IsuB17ykt6MHhTkHR5b5pjI/jNtRhPfMsDODUyftQJgvw==

esbuild-linux-32@0.14.3:
  version "0.14.3"
  resolved "https://registry.yarnpkg.com/esbuild-linux-32/-/esbuild-linux-32-0.14.3.tgz#813d7baf2d33675c9264a07b09a26c39d588abb2"
  integrity sha512-8yhsnjLG/GwCA1RAIndjmCHWViRB2Ol0XeOh2fCXS9qF8tlVrJB7qAiHZpm2vXx+yjOA/bFLTxzU+5pMKqkn5A==

esbuild-linux-64@0.14.3:
  version "0.14.3"
  resolved "https://registry.yarnpkg.com/esbuild-linux-64/-/esbuild-linux-64-0.14.3.tgz#6356ff2d2c6ec978eb6e794a8891cc5cfadab3f1"
  integrity sha512-eNq4aixfbwXHIJq4bQDe+XaSNV1grxqpZYs/zHbp0HGHf6SBNlTI02uyTbYGpIzlXmCEPS9tpPCi7BTU45kcJQ==

esbuild-linux-arm64@0.14.3:
  version "0.14.3"
  resolved "https://registry.yarnpkg.com/esbuild-linux-arm64/-/esbuild-linux-arm64-0.14.3.tgz#a289bb67a5207e021d1ac8cae3532771eda473a6"
  integrity sha512-wPLyRoqoV/tEMQ7M24DpAmCMyKqBmtgZY35w2tXM8X5O5b2Ohi7fkPSmd6ZgLIxZIApWt88toA8RT0S7qoxcOA==

esbuild-linux-arm@0.14.3:
  version "0.14.3"
  resolved "https://registry.yarnpkg.com/esbuild-linux-arm/-/esbuild-linux-arm-0.14.3.tgz#b193de64458d4829be18206e58d127296367c189"
  integrity sha512-YcMvJHAQnWrWKb+eLxN9e/iWUC/3w01UF/RXuMknqOW3prX8UQ63QknWz9/RI8BY/sdrdgPEbSmsTU2jy2cayQ==

esbuild-linux-mips64le@0.14.3:
  version "0.14.3"
  resolved "https://registry.yarnpkg.com/esbuild-linux-mips64le/-/esbuild-linux-mips64le-0.14.3.tgz#d3c826fc746f1cbf3aea696017b001625ea28b59"
  integrity sha512-DdmfM5rcuoqjQL3px5MbquAjZWnySB5LdTrg52SSapp0gXMnGcsM6GY2WVta02CMKn5qi7WPVG4WbqTWE++tJw==

esbuild-linux-ppc64le@0.14.3:
  version "0.14.3"
  resolved "https://registry.yarnpkg.com/esbuild-linux-ppc64le/-/esbuild-linux-ppc64le-0.14.3.tgz#483974c92555eefe86d623145ff5f328074b6c9b"
  integrity sha512-ujdqryj0m135Ms9yaNDVFAcLeRtyftM/v2v7Osji5zElf2TivSMdFxdrYnYICuHfkm8c8gHg1ncwqitL0r+nnA==

esbuild-netbsd-64@0.14.3:
  version "0.14.3"
  resolved "https://registry.yarnpkg.com/esbuild-netbsd-64/-/esbuild-netbsd-64-0.14.3.tgz#76442f9d2d6e6dc796d18eb321256ccdc68ead53"
  integrity sha512-Z/UB9OUdwo1KDJCSGnVueDuKowRZRkduLvRMegHtDBHC3lS5LfZ3RdM1i+4MMN9iafyk8Q9FNcqIXI178ZujvA==

esbuild-openbsd-64@0.14.3:
  version "0.14.3"
  resolved "https://registry.yarnpkg.com/esbuild-openbsd-64/-/esbuild-openbsd-64-0.14.3.tgz#13b0adfd39e165f0dfd30af3e629c601b1b5fa36"
  integrity sha512-9I1uoMDeogq3zQuTe3qygmXYjImnvc6rBn51LLbLniQDlfvqHPBMnAZ/5KshwtXXIIMkCwByytDZdiuzRRlTvQ==

esbuild-sunos-64@0.14.3:
  version "0.14.3"
  resolved "https://registry.yarnpkg.com/esbuild-sunos-64/-/esbuild-sunos-64-0.14.3.tgz#f8ce1a0c6f165b82d589c7f3de01baf094587fd2"
  integrity sha512-pldqx/Adxl4V4ymiyKxOOyJmHn6nUIo3wqk2xBx07iDgmL2XTcDDQd7N4U4QGu9LnYN4ZF+8IdOYa3oRRpbjtg==

esbuild-windows-32@0.14.3:
  version "0.14.3"
  resolved "https://registry.yarnpkg.com/esbuild-windows-32/-/esbuild-windows-32-0.14.3.tgz#f555cbf0fca5974c3c303d9d9ff0d39e08f26916"
  integrity sha512-AqzvA/KbkC2m3kTXGpljLin3EttRbtoPTfBn6w6n2m9MWkTEbhQbE1ONoOBxhO5tExmyJdL/6B87TJJD5jEFBQ==

esbuild-windows-64@0.14.3:
  version "0.14.3"
  resolved "https://registry.yarnpkg.com/esbuild-windows-64/-/esbuild-windows-64-0.14.3.tgz#02c9804f9ca5e587ccb8b18e46a00f9237e54689"
  integrity sha512-HGg3C6113zLGB5hN41PROTnBuoh/arG2lQdOird6xFl9giff1cAfMQOUJUfODKD57dDqHjQ1YGW8gOkg0/IrWw==

esbuild-windows-arm64@0.14.3:
  version "0.14.3"
  resolved "https://registry.yarnpkg.com/esbuild-windows-arm64/-/esbuild-windows-arm64-0.14.3.tgz#8bcf737feddde3ccf4d2d6d581b2422b45a9b6e2"
  integrity sha512-qB2izYu4VpigGnOrAN2Yv7ICYLZWY/AojZtwFfteViDnHgW4jXPYkHQIXTISJbRz25H2cYiv+MfRQYK31RNjlw==

esbuild@0.14.3:
  version "0.14.3"
  resolved "https://registry.yarnpkg.com/esbuild/-/esbuild-0.14.3.tgz#38db1d26aaeccc43f478225974538e2c4de9d6b1"
  integrity sha512-zyEC5hkguW2oieXRXp8VJzQdcO/1FxCS5GjzqOHItRlojXnx/cTavsrkxdWvBH9li2lUq0bN+LeeVEmyCwiR/Q==
  optionalDependencies:
    esbuild-android-arm64 "0.14.3"
    esbuild-darwin-64 "0.14.3"
    esbuild-darwin-arm64 "0.14.3"
    esbuild-freebsd-64 "0.14.3"
    esbuild-freebsd-arm64 "0.14.3"
    esbuild-linux-32 "0.14.3"
    esbuild-linux-64 "0.14.3"
    esbuild-linux-arm "0.14.3"
    esbuild-linux-arm64 "0.14.3"
    esbuild-linux-mips64le "0.14.3"
    esbuild-linux-ppc64le "0.14.3"
    esbuild-netbsd-64 "0.14.3"
    esbuild-openbsd-64 "0.14.3"
    esbuild-sunos-64 "0.14.3"
    esbuild-windows-32 "0.14.3"
    esbuild-windows-64 "0.14.3"
    esbuild-windows-arm64 "0.14.3"

estree-walker@^2.0.1, estree-walker@^2.0.2:
  version "2.0.2"
  resolved "https://registry.yarnpkg.com/estree-walker/-/estree-walker-2.0.2.tgz#52f010178c2a4c117a7757cfe942adb7d2da4cac"
  integrity sha512-Rfkk/Mp/DL7JVje3u18FxFujQlTNR2q6QfMSMB7AvCBx91NGj/ba3kCfza0f6dVDbw7YlRf/nDrn7pQrCCyQ/w==

fast-glob@^3.2.11:
  version "3.2.11"
  resolved "https://registry.yarnpkg.com/fast-glob/-/fast-glob-3.2.11.tgz#a1172ad95ceb8a16e20caa5c5e56480e5129c1d9"
  integrity sha512-xrO3+1bxSo3ZVHAnqzyuewYT6aMFHRAd4Kcs92MAonjwQZLsK9d0SF1IyQ3k5PoirxTW0Oe/RqFgMQ6TcNE5Ew==
  dependencies:
    "@nodelib/fs.stat" "^2.0.2"
    "@nodelib/fs.walk" "^1.2.3"
    glob-parent "^5.1.2"
    merge2 "^1.3.0"
    micromatch "^4.0.4"

fastq@^1.6.0:
  version "1.13.0"
  resolved "https://registry.yarnpkg.com/fastq/-/fastq-1.13.0.tgz#616760f88a7526bdfc596b7cab8c18938c36b98c"
  integrity sha512-YpkpUnK8od0o1hmeSc7UUs/eB/vIPWJYjKck2QKIzAf71Vm1AAQ3EbuZB3g2JIy+pg+ERD0vqI79KyZiB2e2Nw==
  dependencies:
    reusify "^1.0.4"

fill-range@^7.0.1:
  version "7.0.1"
  resolved "https://registry.yarnpkg.com/fill-range/-/fill-range-7.0.1.tgz#1919a6a7c75fe38b2c7c77e5198535da9acdda40"
  integrity sha512-qOo9F+dMUmC2Lcb4BbVvnKJxTPjCm+RRpe4gDuGrzkL7mEVl/djYSu2OdQ2Pa302N4oqkSg9ir6jaLWJ2USVpQ==
  dependencies:
    to-regex-range "^5.0.1"

follow-redirects@^1.14.0:
  version "1.14.7"
  resolved "https://registry.yarnpkg.com/follow-redirects/-/follow-redirects-1.14.7.tgz#2004c02eb9436eee9a21446a6477debf17e81685"
  integrity sha512-+hbxoLbFMbRKDwohX8GkTataGqO6Jb7jGwpAlwgy2bIz25XtRm7KEzJM76R1WiNT5SwZkX4Y75SwBolkpmE7iQ==

fsevents@~2.3.2:
  version "2.3.2"
  resolved "https://registry.yarnpkg.com/fsevents/-/fsevents-2.3.2.tgz#8a526f78b8fdf4623b709e0b975c52c24c02fd1a"
  integrity sha512-xiqMQR4xAeHTuB9uWm+fFRcIOgKBMiOBP+eXiyT7jsgVCq1bkVygt00oASowB7EdtpOHaaPgKt812P9ab+DDKA==

function-bind@^1.1.1:
  version "1.1.1"
  resolved "https://registry.yarnpkg.com/function-bind/-/function-bind-1.1.1.tgz#a56899d3ea3c9bab874bb9773b7c5ede92f4895d"
  integrity sha512-yIovAzMX49sF8Yl58fSCWJ5svSLuaibPxXQJFLmBObTuCr0Mf1KiPopGM9NiFjiYBCbfaa2Fh6breQ6ANVTI0A==

glob-parent@^5.1.2, glob-parent@~5.1.2:
  version "5.1.2"
  resolved "https://registry.yarnpkg.com/glob-parent/-/glob-parent-5.1.2.tgz#869832c58034fe68a4093c17dc15e8340d8401c4"
  integrity sha512-AOIgSQCepiJYwP3ARnGx+5VnTu2HBYdzbGP45eLw1vr3zB3vZLeyed1sC9hnbcOc9/SrMyM5RPQrkGz4aS9Zow==
  dependencies:
    is-glob "^4.0.1"

has@^1.0.3:
  version "1.0.3"
  resolved "https://registry.yarnpkg.com/has/-/has-1.0.3.tgz#722d7cbfc1f6aa8241f16dd814e011e1f41e8796"
  integrity sha512-f2dvO0VU6Oej7RkWJGrehjbzMAjFp5/VKPp5tTpWIV4JHHZK1/BxbFRtf/siA2SWTe09caDmVtYYzWEIbBS4zw==
  dependencies:
    function-bind "^1.1.1"

highlight.js@^11.3.1:
  version "11.4.0"
  resolved "https://registry.yarnpkg.com/highlight.js/-/highlight.js-11.4.0.tgz#34ceadd49e1596ee5aba3d99346cdfd4845ee05a"
  integrity sha512-nawlpCBCSASs7EdvZOYOYVkJpGmAOKMYZgZtUqSRqodZE0GRVcFKwo1RcpeOemqh9hyttTdd5wDBwHkuSyUfnA==

immutable@^4.0.0:
  version "4.0.0"
  resolved "https://registry.yarnpkg.com/immutable/-/immutable-4.0.0.tgz#b86f78de6adef3608395efb269a91462797e2c23"
  integrity sha512-zIE9hX70qew5qTUjSS7wi1iwj/l7+m54KWU247nhM3v806UdGj1yDndXj+IOYxxtW9zyLI+xqFNZjTuDaLUqFw==

is-binary-path@~2.1.0:
  version "2.1.0"
  resolved "https://registry.yarnpkg.com/is-binary-path/-/is-binary-path-2.1.0.tgz#ea1f7f3b80f064236e83470f86c09c254fb45b09"
  integrity sha512-ZMERYes6pDydyuGidse7OsHxtbI7WVeUEozgR/g7rd0xUimYNlvZRE/K2MgZTjWy725IfelLeVcEM97mmtRGXw==
  dependencies:
    binary-extensions "^2.0.0"

is-core-module@^2.8.1:
  version "2.8.1"
  resolved "https://registry.yarnpkg.com/is-core-module/-/is-core-module-2.8.1.tgz#f59fdfca701d5879d0a6b100a40aa1560ce27211"
  integrity sha512-SdNCUs284hr40hFTFP6l0IfZ/RSrMXF3qgoRHd3/79unUTvrFO/JoXwkGm+5J/Oe3E/b5GsnG330uUNgRpu1PA==
  dependencies:
    has "^1.0.3"

is-extglob@^2.1.1:
  version "2.1.1"
  resolved "https://registry.yarnpkg.com/is-extglob/-/is-extglob-2.1.1.tgz#a88c02535791f02ed37c76a1b9ea9773c833f8c2"
  integrity sha1-qIwCU1eR8C7TfHahueqXc8gz+MI=

is-glob@^4.0.1, is-glob@~4.0.1:
  version "4.0.3"
  resolved "https://registry.yarnpkg.com/is-glob/-/is-glob-4.0.3.tgz#64f61e42cbbb2eec2071a9dac0b28ba1e65d5084"
  integrity sha512-xelSayHH36ZgE7ZWhli7pW34hNbNl8Ojv5KVmkJD4hBdD3th8Tfk9vYasLM+mXWOZhFkgZfxhLSnrwRr4elSSg==
  dependencies:
    is-extglob "^2.1.1"

is-number@^7.0.0:
  version "7.0.0"
  resolved "https://registry.yarnpkg.com/is-number/-/is-number-7.0.0.tgz#7535345b896734d5f80c4d06c50955527a14f12b"
  integrity sha512-41Cifkg6e8TylSpdtTpeLVMqvSBEVzTttHvERD741+pnZ8ANv0004MRL43QKPDlK9cGvNp6NZWZUBlbGXYxxng==

linkify-it@^3.0.1:
  version "3.0.3"
  resolved "https://registry.yarnpkg.com/linkify-it/-/linkify-it-3.0.3.tgz#a98baf44ce45a550efb4d49c769d07524cc2fa2e"
  integrity sha512-ynTsyrFSdE5oZ/O9GEf00kPngmOfVwazR5GKDq6EYfhlpFug3J2zybX56a2PRRpc9P+FuSoGNAwjlbDs9jJBPQ==
  dependencies:
    uc.micro "^1.0.1"

local-pkg@^0.4.1:
  version "0.4.1"
  resolved "https://registry.yarnpkg.com/local-pkg/-/local-pkg-0.4.1.tgz#e7b0d7aa0b9c498a1110a5ac5b00ba66ef38cfff"
  integrity sha512-lL87ytIGP2FU5PWwNDo0w3WhIo2gopIAxPg9RxDYF7m4rr5ahuZxP22xnJHIvaLTe4Z9P6uKKY2UHiwyB4pcrw==

lodash-es@^4.17.21:
  version "4.17.21"
  resolved "https://registry.yarnpkg.com/lodash-es/-/lodash-es-4.17.21.tgz#43e626c46e6591b7750beb2b50117390c609e3ee"
  integrity sha512-mKnC+QJ9pWVzv+C4/U3rRsHapFfHvQFoFB92e52xeyGMcX6/OlIl78je1u8vePzYZSkkogMPJ2yjxxsb89cxyw==

lodash.flow@^3.5.0:
  version "3.5.0"
  resolved "https://registry.yarnpkg.com/lodash.flow/-/lodash.flow-3.5.0.tgz#87bf40292b8cf83e4e8ce1a3ae4209e20071675a"
  integrity sha1-h79AKSuM+D5OjOGjrkIJ4gBxZ1o=

lodash@^4.17.21:
  version "4.17.21"
  resolved "https://registry.yarnpkg.com/lodash/-/lodash-4.17.21.tgz#679591c564c3bffaae8454cf0b3df370c3d6911c"
  integrity sha512-v2kDEe57lecTulaDIuNTPy3Ry4gLGJ6Z1O3vE1krgXZNrsQ+LFTGHVxVjcXPs17LhbZVGedAJv8XZ1tvj5FvSg==

magic-string@^0.25.7:
  version "0.25.7"
  resolved "https://registry.yarnpkg.com/magic-string/-/magic-string-0.25.7.tgz#3f497d6fd34c669c6798dcb821f2ef31f5445051"
  integrity sha512-4CrMT5DOHTDk4HYDlzmwu4FVCcIYI8gauveasrdCu2IKIFOJ3f0v/8MDGJCDL9oD2ppz/Av1b0Nj345H9M+XIA==
  dependencies:
    sourcemap-codec "^1.4.4"

markdown-it-abbr@^1.0.4:
  version "1.0.4"
  resolved "https://registry.yarnpkg.com/markdown-it-abbr/-/markdown-it-abbr-1.0.4.tgz#d66b5364521cbb3dd8aa59dadfba2fb6865c8fd8"
  integrity sha1-1mtTZFIcuz3Yqlna37ovtoZcj9g=

markdown-it-anchor@^8.4.1:
  version "8.4.1"
  resolved "https://registry.yarnpkg.com/markdown-it-anchor/-/markdown-it-anchor-8.4.1.tgz#29e560593f5edb80b25fdab8b23f93ef8a91b31e"
  integrity sha512-sLODeRetZ/61KkKLJElaU3NuU2z7MhXf12Ml1WJMSdwpngeofneCRF+JBbat8HiSqhniOMuTemXMrsI7hA6XyA==

markdown-it-deflist@^2.1.0:
  version "2.1.0"
  resolved "https://registry.yarnpkg.com/markdown-it-deflist/-/markdown-it-deflist-2.1.0.tgz#50d7a56b9544cd81252f7623bd785e28a8dcef5c"
  integrity sha512-3OuqoRUlSxJiuQYu0cWTLHNhhq2xtoSFqsZK8plANg91+RJQU1ziQ6lA2LzmFAEes18uPBsHZpcX6We5l76Nzg==

markdown-it-emoji@^2.0.0:
  version "2.0.0"
  resolved "https://registry.yarnpkg.com/markdown-it-emoji/-/markdown-it-emoji-2.0.0.tgz#3164ad4c009efd946e98274f7562ad611089a231"
  integrity sha512-39j7/9vP/CPCKbEI44oV8yoPJTpvfeReTn/COgRhSpNrjWF3PfP/JUxxB0hxV6ynOY8KH8Y8aX9NMDdo6z+6YQ==

markdown-it-footnote@^3.0.3:
  version "3.0.3"
  resolved "https://registry.yarnpkg.com/markdown-it-footnote/-/markdown-it-footnote-3.0.3.tgz#e0e4c0d67390a4c5f0c75f73be605c7c190ca4d8"
  integrity sha512-YZMSuCGVZAjzKMn+xqIco9d1cLGxbELHZ9do/TSYVzraooV8ypsppKNmUJ0fVH5ljkCInQAtFpm8Rb3eXSrt5w==

markdown-it-highlightjs@^3.6.0:
  version "3.6.0"
  resolved "https://registry.yarnpkg.com/markdown-it-highlightjs/-/markdown-it-highlightjs-3.6.0.tgz#b567408c633d71e5e4cc33e1d0121a44447d2f29"
  integrity sha512-ex+Lq3cVkprh0GpGwFyc53A/rqY6GGzopPCG1xMsf8Ya3XtGC8Uw9tChN1rWbpyDae7tBBhVHVcMM29h4Btamw==
  dependencies:
    highlight.js "^11.3.1"
    lodash.flow "^3.5.0"

markdown-it-ins@^3.0.1:
  version "3.0.1"
  resolved "https://registry.yarnpkg.com/markdown-it-ins/-/markdown-it-ins-3.0.1.tgz#c09356b917cf1dbf73add0b275d67ab8c73d4b4d"
  integrity sha512-32SSfZqSzqyAmmQ4SHvhxbFqSzPDqsZgMHDwxqPzp+v+t8RsmqsBZRG+RfRQskJko9PfKC2/oxyOs4Yg/CfiRw==

markdown-it-mark@^3.0.1:
  version "3.0.1"
  resolved "https://registry.yarnpkg.com/markdown-it-mark/-/markdown-it-mark-3.0.1.tgz#51257db58787d78aaf46dc13418d99a9f3f0ebd3"
  integrity sha512-HyxjAu6BRsdt6Xcv6TKVQnkz/E70TdGXEFHRYBGLncRE9lBFwDNLVtFojKxjJWgJ+5XxUwLaHXy+2sGBbDn+4A==

markdown-it-sub@^1.0.0:
  version "1.0.0"
  resolved "https://registry.yarnpkg.com/markdown-it-sub/-/markdown-it-sub-1.0.0.tgz#375fd6026eae7ddcb012497f6411195ea1e3afe8"
  integrity sha1-N1/WAm6ufdywEkl/ZBEZXqHjr+g=

markdown-it-sup@^1.0.0:
  version "1.0.0"
  resolved "https://registry.yarnpkg.com/markdown-it-sup/-/markdown-it-sup-1.0.0.tgz#cb9c9ff91a5255ac08f3fd3d63286e15df0a1fc3"
  integrity sha1-y5yf+RpSVawI8/09YyhuFd8KH8M=

markdown-it-task-lists@^2.1.1:
  version "2.1.1"
  resolved "https://registry.yarnpkg.com/markdown-it-task-lists/-/markdown-it-task-lists-2.1.1.tgz#f68f4d2ac2bad5a2c373ba93081a1a6848417088"
  integrity sha512-TxFAc76Jnhb2OUu+n3yz9RMu4CwGfaT788br6HhEDlvWfdeJcLUsxk1Hgw2yJio0OXsxv7pyIPmvECY7bMbluA==

markdown-it-toc-done-right@^4.2.0:
  version "4.2.0"
  resolved "https://registry.yarnpkg.com/markdown-it-toc-done-right/-/markdown-it-toc-done-right-4.2.0.tgz#3ccdce22d5022ffae7b991d07261b1b1de5459d0"
  integrity sha512-UB/IbzjWazwTlNAX0pvWNlJS8NKsOQ4syrXZQ/C72j+jirrsjVRT627lCaylrKJFBQWfRsPmIVQie8x38DEhAQ==

markdown-it@^12.3.2:
  version "12.3.2"
  resolved "https://registry.yarnpkg.com/markdown-it/-/markdown-it-12.3.2.tgz#bf92ac92283fe983fe4de8ff8abfb5ad72cd0c90"
  integrity sha512-TchMembfxfNVpHkbtriWltGWc+m3xszaRD0CZup7GFFhzIgQqxIfn3eGj1yZpfuflzPvfkt611B2Q/Bsk1YnGg==
  dependencies:
    argparse "^2.0.1"
    entities "~2.1.0"
    linkify-it "^3.0.1"
    mdurl "^1.0.1"
    uc.micro "^1.0.5"

mdurl@^1.0.1:
  version "1.0.1"
  resolved "https://registry.yarnpkg.com/mdurl/-/mdurl-1.0.1.tgz#fe85b2ec75a59037f2adfec100fd6c601761152e"
  integrity sha1-/oWy7HWlkDfyrf7BAP1sYBdhFS4=

merge2@^1.3.0:
  version "1.4.1"
  resolved "https://registry.yarnpkg.com/merge2/-/merge2-1.4.1.tgz#4368892f885e907455a6fd7dc55c0c9d404990ae"
  integrity sha512-8q7VEgMJW4J8tcfVPy8g09NcQwZdbwFEqhe/WZkoIzjn/3TGDwtOCYtXGxA3O8tPzpczCCDgv+P2P5y00ZJOOg==

micromatch@^4.0.4:
  version "4.0.4"
  resolved "https://registry.yarnpkg.com/micromatch/-/micromatch-4.0.4.tgz#896d519dfe9db25fce94ceb7a500919bf881ebf9"
  integrity sha512-pRmzw/XUcwXGpD9aI9q/0XOwLNygjETJ8y0ao0wdqprrzDa4YnxLcz7fQRZr8voh8V10kGhABbNcHVk5wHgWwg==
  dependencies:
    braces "^3.0.1"
    picomatch "^2.2.3"

minimatch@^3.0.4:
  version "3.0.4"
  resolved "https://registry.yarnpkg.com/minimatch/-/minimatch-3.0.4.tgz#5166e286457f03306064be5497e8dbb0c3d32083"
  integrity sha512-yJHVQEhyqPLUTgt9B83PXu6W3rx4MvvHvSUvToogpwoGDOUQ+yDrR0HRot+yOCdCO7u4hX3pWft6kWBBcqh0UA==
  dependencies:
    brace-expansion "^1.1.7"

ms@2.1.2:
  version "2.1.2"
  resolved "https://registry.yarnpkg.com/ms/-/ms-2.1.2.tgz#d09d1f357b443f493382a8eb3ccd183872ae6009"
  integrity sha512-sGkPx+VjMtmA6MX27oA4FBFELFCZZ4S4XqeGOXCv68tT+jb3vk/RyaKWP0PTKyWtmLSM0b+adUTEvbs1PEaH2w==

nanoclone@^0.2.1:
  version "0.2.1"
  resolved "https://registry.yarnpkg.com/nanoclone/-/nanoclone-0.2.1.tgz#dd4090f8f1a110d26bb32c49ed2f5b9235209ed4"
  integrity sha512-wynEP02LmIbLpcYw8uBKpcfF6dmg2vcpKqxeH5UcoKEYdExslsdUA4ugFauuaeYdTB76ez6gJW8XAZ6CgkXYxA==

nanoid@^3.1.30:
  version "3.2.0"
  resolved "https://registry.yarnpkg.com/nanoid/-/nanoid-3.2.0.tgz#62667522da6673971cca916a6d3eff3f415ff80c"
  integrity sha512-fmsZYa9lpn69Ad5eDn7FMcnnSR+8R34W9qJEijxYhTbfOWzr22n1QxCMzXLK+ODyW2973V3Fux959iQoUxzUIA==

normalize-path@^3.0.0, normalize-path@~3.0.0:
  version "3.0.0"
  resolved "https://registry.yarnpkg.com/normalize-path/-/normalize-path-3.0.0.tgz#0dcd69ff23a1c9b11fd0978316644a0388216a65"
  integrity sha512-6eZs5Ls3WtCisHWp9S2GUy8dqkpGi4BVSz3GaqiE6ezub0512ESztXUwUB6C6IKbQkY2Pnb/mD4WYojCRwcwLA==

path-parse@^1.0.7:
  version "1.0.7"
  resolved "https://registry.yarnpkg.com/path-parse/-/path-parse-1.0.7.tgz#fbc114b60ca42b30d9daf5858e4bd68bbedb6735"
  integrity sha512-LDJzPVEEEPR+y48z93A0Ed0yXb8pAByGWo/k5YYdYgpY2/2EsOsksJrq7lOHxryrVOn1ejG6oAp8ahvOIQD8sw==

picocolors@^1.0.0:
  version "1.0.0"
  resolved "https://registry.yarnpkg.com/picocolors/-/picocolors-1.0.0.tgz#cb5bdc74ff3f51892236eaf79d68bc44564ab81c"
  integrity sha512-1fygroTLlHu66zi26VoTDv8yRgm0Fccecssto+MhsZ0D/DGW2sm8E8AjW7NU5VVTRt5GxbeZ5qBuJr+HyLYkjQ==

picomatch@^2.0.4, picomatch@^2.2.1, picomatch@^2.2.2, picomatch@^2.2.3:
  version "2.3.1"
  resolved "https://registry.yarnpkg.com/picomatch/-/picomatch-2.3.1.tgz#3ba3833733646d9d3e4995946c1365a67fb07a42"
  integrity sha512-JU3teHTNjmE2VCGFzuY8EXzCDVwEqB2a8fsIvwaStHhAWJEeVd1o1QD80CU6+ZdEXXSLbSsuLwJjkCBWqRQUVA==

postcss@^8.1.10, postcss@^8.4.5:
  version "8.4.5"
  resolved "https://registry.yarnpkg.com/postcss/-/postcss-8.4.5.tgz#bae665764dfd4c6fcc24dc0fdf7e7aa00cc77f95"
  integrity sha512-jBDboWM8qpaqwkMwItqTQTiFikhs/67OYVvblFFTM7MrZjt6yMKd6r2kgXizEbTTljacm4NldIlZnhbjr84QYg==
  dependencies:
    nanoid "^3.1.30"
    picocolors "^1.0.0"
    source-map-js "^1.0.1"

property-expr@^2.0.4:
  version "2.0.5"
  resolved "https://registry.yarnpkg.com/property-expr/-/property-expr-2.0.5.tgz#278bdb15308ae16af3e3b9640024524f4dc02cb4"
  integrity sha512-IJUkICM5dP5znhCckHSv30Q4b5/JA5enCtkRHYaOVOAocnH/1BQEYTC5NMfT3AVl/iXKdr3aqQbQn9DxyWknwA==

queue-microtask@^1.2.2:
  version "1.2.3"
  resolved "https://registry.yarnpkg.com/queue-microtask/-/queue-microtask-1.2.3.tgz#4929228bbc724dfac43e0efb058caf7b6cfb6243"
  integrity sha512-NuaNSa6flKT5JaSYQzJok04JzTL1CA6aGhv5rfLW3PgqA+M2ChpZQnAC8h8i4ZFkBS8X5RqkDBHA7r4hej3K9A==

readdirp@~3.6.0:
  version "3.6.0"
  resolved "https://registry.yarnpkg.com/readdirp/-/readdirp-3.6.0.tgz#74a370bd857116e245b29cc97340cd431a02a6c7"
  integrity sha512-hOS089on8RduqdbhvQ5Z37A0ESjsqz6qnRcffsMU3495FuTdqSm+7bhJ29JvIOsBDEEnan5DPu9t3To9VRlMzA==
  dependencies:
    picomatch "^2.2.1"

regenerator-runtime@^0.11.0:
  version "0.11.1"
  resolved "https://registry.yarnpkg.com/regenerator-runtime/-/regenerator-runtime-0.11.1.tgz#be05ad7f9bf7d22e056f9726cee5017fbf19e2e9"
  integrity sha512-MguG95oij0fC3QV3URf4V2SDYGJhJnJGqvIIgdECeODCT98wSWDAJ94SSuVpYQUoTcGUIL6L4yNB7j1DFFHSBg==

regenerator-runtime@^0.13.4:
  version "0.13.9"
  resolved "https://registry.yarnpkg.com/regenerator-runtime/-/regenerator-runtime-0.13.9.tgz#8925742a98ffd90814988d7566ad30ca3b263b52"
  integrity sha512-p3VT+cOEgxFsRRA9X4lkI1E+k2/CtnKtU4gcxyaCUreilL/vqI6CdZ3wxVUx3UOUg+gnUOQQcRI7BmSI656MYA==

resolve@^1.20.0, resolve@^1.21.0:
  version "1.22.0"
  resolved "https://registry.yarnpkg.com/resolve/-/resolve-1.22.0.tgz#5e0b8c67c15df57a89bdbabe603a002f21731198"
  integrity sha512-Hhtrw0nLeSrFQ7phPp4OOcVjLPIeMnRlr5mcnVuMe7M/7eBn98A3hmFRLoFo3DLZkivSYwhRUJTyPyWAk56WLw==
  dependencies:
    is-core-module "^2.8.1"
    path-parse "^1.0.7"
    supports-preserve-symlinks-flag "^1.0.0"

reusify@^1.0.4:
  version "1.0.4"
  resolved "https://registry.yarnpkg.com/reusify/-/reusify-1.0.4.tgz#90da382b1e126efc02146e90845a88db12925d76"
  integrity sha512-U9nH88a3fc/ekCF1l0/UP1IosiuIjyTh7hBvXVMHYgVcfGvt897Xguj2UOLDeI5BG2m7/uwyaLVT6fbtCwTyzw==

rollup@^2.59.0:
  version "2.66.1"
  resolved "https://registry.yarnpkg.com/rollup/-/rollup-2.66.1.tgz#366b0404de353c4331d538c3ad2963934fcb4937"
  integrity sha512-crSgLhSkLMnKr4s9iZ/1qJCplgAgrRY+igWv8KhG/AjKOJ0YX/WpmANyn8oxrw+zenF3BXWDLa7Xl/QZISH+7w==
  optionalDependencies:
    fsevents "~2.3.2"

run-parallel@^1.1.9:
  version "1.2.0"
  resolved "https://registry.yarnpkg.com/run-parallel/-/run-parallel-1.2.0.tgz#66d1368da7bdf921eb9d95bd1a9229e7f21a43ee"
  integrity sha512-5l4VyZR86LZ/lDxZTR6jqL8AFE2S0IFLMP26AbjsLVADxHdhB/c0GUsH+y39UfCi3dzz8OlQuPmnaJOMoDHQBA==
  dependencies:
    queue-microtask "^1.2.2"

sass@^1.49.0:
  version "1.49.0"
  resolved "https://registry.yarnpkg.com/sass/-/sass-1.49.0.tgz#65ec1b1d9a6bc1bae8d2c9d4b392c13f5d32c078"
  integrity sha512-TVwVdNDj6p6b4QymJtNtRS2YtLJ/CqZriGg0eIAbAKMlN8Xy6kbv33FsEZSF7FufFFM705SQviHjjThfaQ4VNw==
  dependencies:
    chokidar ">=3.0.0 <4.0.0"
    immutable "^4.0.0"
    source-map-js ">=0.6.2 <2.0.0"

"source-map-js@>=0.6.2 <2.0.0", source-map-js@^1.0.1:
  version "1.0.2"
  resolved "https://registry.yarnpkg.com/source-map-js/-/source-map-js-1.0.2.tgz#adbc361d9c62df380125e7f161f71c826f1e490c"
  integrity sha512-R0XvVJ9WusLiqTCEiGCmICCMplcCkIwwR11mOSD9CR5u+IXYdiseeEuXCVAjS54zqwkLcPNnmU4OeJ6tUrWhDw==

source-map@^0.6.1:
  version "0.6.1"
  resolved "https://registry.yarnpkg.com/source-map/-/source-map-0.6.1.tgz#74722af32e9614e9c287a8d0bbde48b5e2f1a263"
  integrity sha512-UjgapumWlbMhkBgzT7Ykc5YXUT46F0iKu8SGXq0bcwP5dz/h0Plj6enJqjz1Zbq2l5WaqYnrVbwWOWMyF3F47g==

sourcemap-codec@^1.4.4:
  version "1.4.8"
  resolved "https://registry.yarnpkg.com/sourcemap-codec/-/sourcemap-codec-1.4.8.tgz#ea804bd94857402e6992d05a38ef1ae35a9ab4c4"
  integrity sha512-9NykojV5Uih4lgo5So5dtw+f0JgJX30KCNI8gwhz2J9A15wD0Ml6tjHKwf6fTSa6fAdVBdZeNOs9eJ71qCk8vA==

supports-preserve-symlinks-flag@^1.0.0:
  version "1.0.0"
  resolved "https://registry.yarnpkg.com/supports-preserve-symlinks-flag/-/supports-preserve-symlinks-flag-1.0.0.tgz#6eda4bd344a3c94aea376d4cc31bc77311039e09"
  integrity sha512-ot0WnXS9fgdkgIcePe6RHNk1WA8+muPa6cSjeR3V8K27q9BB1rTE3R1p7Hv0z1ZyAc8s6Vvv8DIyWf681MAt0w==

to-regex-range@^5.0.1:
  version "5.0.1"
  resolved "https://registry.yarnpkg.com/to-regex-range/-/to-regex-range-5.0.1.tgz#1648c44aae7c8d988a326018ed72f5b4dd0392e4"
  integrity sha512-65P7iz6X5yEr1cwcgvQxbbIw7Uk3gOy5dIdtZ4rDveLqhrdJP+Li/Hx6tyK0NEb+2GCyneCMJiGqrADCSNk8sQ==
  dependencies:
    is-number "^7.0.0"

toposort@^2.0.2:
  version "2.0.2"
  resolved "https://registry.yarnpkg.com/toposort/-/toposort-2.0.2.tgz#ae21768175d1559d48bef35420b2f4962f09c330"
  integrity sha1-riF2gXXRVZ1IvvNUILL0li8JwzA=

uc.micro@^1.0.1, uc.micro@^1.0.5:
  version "1.0.6"
  resolved "https://registry.yarnpkg.com/uc.micro/-/uc.micro-1.0.6.tgz#9c411a802a409a91fc6cf74081baba34b24499ac"
  integrity sha512-8Y75pvTYkLJW2hWQHXxoqRgV7qb9B+9vFEtidML+7koHUFapnVJAZ6cKs+Qjz5Aw3aZWHMC6u0wJE3At+nSGwA==

unplugin-vue-components@^0.17.16:
  version "0.17.16"
  resolved "https://registry.yarnpkg.com/unplugin-vue-components/-/unplugin-vue-components-0.17.16.tgz#219500210a786be9d14414cadf53d9160541cd6d"
  integrity sha512-WGQdPAZ6uzx00gRQuhTVxY91dxVz6VD5CpeBjVSrzwghki4fShk3l6h3N/jWQDWCi1ej+JnjYOwND4SLoujDGg==
  dependencies:
    "@antfu/utils" "^0.4.0"
    "@rollup/pluginutils" "^4.1.2"
    chokidar "^3.5.2"
    debug "^4.3.3"
    fast-glob "^3.2.11"
    local-pkg "^0.4.1"
    magic-string "^0.25.7"
    minimatch "^3.0.4"
    resolve "^1.21.0"
    unplugin "^0.3.0"

unplugin@^0.3.0:
  version "0.3.2"
  resolved "https://registry.yarnpkg.com/unplugin/-/unplugin-0.3.2.tgz#5113b13b90df14f92e17ddafed9d465bb18d2ca6"
  integrity sha512-5d0DMYNKZU+S9eZUiBfw6Co32eRg8myUgBPoWSqG/wDFCUE/WznfSsJnZWi1P9l69x4uLJqt2qVq1xW/AsXFrw==
  dependencies:
    webpack-virtual-modules "^0.4.3"

vee-validate@^4.3.5:
  version "4.5.8"
  resolved "https://registry.yarnpkg.com/vee-validate/-/vee-validate-4.5.8.tgz#8e394978ef3b74e589b869c626cd2a7d391ac81c"
  integrity sha512-XZx2J93rlET49CdIIoxG9R6wQNoT3RxUUw9ar3QbIhczpzbtlm4BQ+TpCA9DoYHKFlApcXnE28WU7m4quoPsCA==
  dependencies:
    "@vue/devtools-api" "^6.0.0-beta.15"

vite@^2.8.0-beta.3:
  version "2.8.0-beta.3"
  resolved "https://registry.yarnpkg.com/vite/-/vite-2.8.0-beta.3.tgz#db9bb3ef0c4f1648fefe231c8503cfa3629897cd"
  integrity sha512-UPdERgwLg1Q80GNvqI6EUuzTEzpp6YjL5DmAsjuMYuIA1HVHG8q+V7ujKlJkb9irx7xvK2VmyunXR0j5ixbjhQ==
  dependencies:
    esbuild "0.14.3"
    postcss "^8.4.5"
    resolve "^1.20.0"
    rollup "^2.59.0"
  optionalDependencies:
    fsevents "~2.3.2"

vue-filepond@^7.0.2:
  version "7.0.2"
  resolved "https://registry.yarnpkg.com/vue-filepond/-/vue-filepond-7.0.2.tgz#a6bc56df69c90b2f481076b023a52b34e56d4c40"
  integrity sha512-8E2qBoDirHjVrDYH7WXoz3jzsNnSTMu3CWRXlGt42UOQZkgVB94uJIlhRYLbCWzryLHlO1UdVsVeMrcYLjENkw==

vue-image-crop-upload@^3.0.3:
  version "3.0.3"
  resolved "https://registry.yarnpkg.com/vue-image-crop-upload/-/vue-image-crop-upload-3.0.3.tgz#0183cf8ebee30c08afba09a6fcb0a8fcd395e236"
  integrity sha512-VeBsU0oI1hXeCvdpnu19DM/r3KTlI8SUXTxsHsU4MhDXR0ahRziiL9tf4FbILGx+gRVNZhGbl32yuM6TiaGNhA==
  dependencies:
    babel-runtime "^6.11.6"

vue-router@^4.0.6:
  version "4.0.12"
  resolved "https://registry.yarnpkg.com/vue-router/-/vue-router-4.0.12.tgz#8dc792cddf5bb1abcc3908f9064136de7e13c460"
  integrity sha512-CPXvfqe+mZLB1kBWssssTiWg4EQERyqJZes7USiqfW9B5N2x+nHlnsM1D3b5CaJ6qgCvMmYJnz+G0iWjNCvXrg==
  dependencies:
    "@vue/devtools-api" "^6.0.0-beta.18"

vue3-carousel@^0.1.36:
  version "0.1.36"
  resolved "https://registry.yarnpkg.com/vue3-carousel/-/vue3-carousel-0.1.36.tgz#494f06cf08dd1632f534bfee5ee5785b33bc5ac8"
  integrity sha512-e1wDM9wmzy+hFrBaoJXXRTmsiZ1Q71p646MgZ75qC3NlymbigYwqlKewj0cNWslC0Q9gXEieIwIbNJO71Ydesw==

vue3-markdown-it@^1.0.10:
  version "1.0.10"
  resolved "https://registry.yarnpkg.com/vue3-markdown-it/-/vue3-markdown-it-1.0.10.tgz#c4b0e94990b3f9d66123ef5b775cd7ea177c609b"
  integrity sha512-mTvHu0zl7jrh7ojgaZ+tTpCLiS4CVg4bTgTu4KGhw/cRRY5YgIG8QgFAPu6kCzSW6Znc9a52Beb6hFvF4hSMkQ==
  dependencies:
    markdown-it "^12.3.2"
    markdown-it-abbr "^1.0.4"
    markdown-it-anchor "^8.4.1"
    markdown-it-deflist "^2.1.0"
    markdown-it-emoji "^2.0.0"
    markdown-it-footnote "^3.0.3"
    markdown-it-highlightjs "^3.6.0"
    markdown-it-ins "^3.0.1"
    markdown-it-mark "^3.0.1"
    markdown-it-sub "^1.0.0"
    markdown-it-sup "^1.0.0"
    markdown-it-task-lists "^2.1.1"
    markdown-it-toc-done-right "^4.2.0"

vue@^3.2.29:
  version "3.2.29"
  resolved "https://registry.yarnpkg.com/vue/-/vue-3.2.29.tgz#3571b65dbd796d3a6347e2fd45a8e6e11c13d56a"
  integrity sha512-cFIwr7LkbtCRanjNvh6r7wp2yUxfxeM2yPpDQpAfaaLIGZSrUmLbNiSze9nhBJt5MrZ68Iqt0O5scwAMEVxF+Q==
  dependencies:
    "@vue/compiler-dom" "3.2.29"
    "@vue/compiler-sfc" "3.2.29"
    "@vue/runtime-dom" "3.2.29"
    "@vue/server-renderer" "3.2.29"
    "@vue/shared" "3.2.29"

vuex@^4.0.2:
  version "4.0.2"
  resolved "https://registry.yarnpkg.com/vuex/-/vuex-4.0.2.tgz#f896dbd5bf2a0e963f00c67e9b610de749ccacc9"
  integrity sha512-M6r8uxELjZIK8kTKDGgZTYX/ahzblnzC4isU1tpmEuOIIKmV+TRdc+H4s8ds2NuZ7wpUTdGRzJRtoj+lI+pc0Q==
  dependencies:
    "@vue/devtools-api" "^6.0.0-beta.11"

webpack-virtual-modules@^0.4.3:
  version "0.4.3"
  resolved "https://registry.yarnpkg.com/webpack-virtual-modules/-/webpack-virtual-modules-0.4.3.tgz#cd597c6d51d5a5ecb473eea1983a58fa8a17ded9"
  integrity sha512-5NUqC2JquIL2pBAAo/VfBP6KuGkHIZQXW/lNKupLPfhViwh8wNsu0BObtl09yuKZszeEUfbXz8xhrHvSG16Nqw==

yup@^0.32.9:
  version "0.32.11"
  resolved "https://registry.yarnpkg.com/yup/-/yup-0.32.11.tgz#d67fb83eefa4698607982e63f7ca4c5ed3cf18c5"
  integrity sha512-Z2Fe1bn+eLstG8DRR6FTavGD+MeAwyfmouhHsIUgaADz8jvFKbO/fXc2trJKZg+5EBjh4gGm3iU/t3onKlXHIg==
  dependencies:
    "@babel/runtime" "^7.15.4"
    "@types/lodash" "^4.14.175"
    lodash "^4.17.21"
    lodash-es "^4.17.21"
    nanoclone "^0.2.1"
    property-expr "^2.0.4"
    toposort "^2.0.2"
